Microsoft Visual Studio Solution File, Format Version 12.00
# Visual Studio Version 17
VisualStudioVersion = 17.5.2.0
MinimumVisualStudioVersion = 10.0.40219.1
Project("{FAE04EC0-301F-11D3-BF4B-00C04F79EFBC}") = "moment2dotnet", "moment2dotnet.csproj", "{92F6D876-80B9-11DB-FFDC-CB237E8B7BBC}"
EndProject
Global
	GlobalSection(SolutionConfigurationPlatforms) = preSolution
		Debug|Any CPU = Debug|Any CPU
		Release|Any CPU = Release|Any CPU
	EndGlobalSection
	GlobalSection(ProjectConfigurationPlatforms) = postSolution
		{92F6D876-80B9-11DB-FFDC-CB237E8B7BBC}.Debug|Any CPU.ActiveCfg = Debug|Any CPU
		{92F6D876-80B9-11DB-FFDC-CB237E8B7BBC}.Debug|Any CPU.Build.0 = Debug|Any CPU
		{92F6D876-80B9-11DB-FFDC-CB237E8B7BBC}.Release|Any CPU.ActiveCfg = Release|Any CPU
		{92F6D876-80B9-11DB-FFDC-CB237E8B7BBC}.Release|Any CPU.Build.0 = Release|Any CPU
	EndGlobalSection
	GlobalSection(SolutionProperties) = preSolution
		HideSolutionNode = FALSE
	EndGlobalSection
	GlobalSection(ExtensibilityGlobals) = postSolution
		SolutionGuid = {707007E3-19C8-4A1C-9846-25059E435082}
	EndGlobalSection
EndGlobal
